
Microsoft Visual Studio Solution File, Format Version 12.00
# Visual Studio Version 17
VisualStudioVersion = 17.0.31903.59
MinimumVisualStudioVersion = 10.0.40219.1
Project("{FAE04EC0-301F-11D3-BF4B-00C04F79EFBC}") = "MyFirstProgram", "MyFirstProgram\MyFirstProgram.csproj", "{0F24FC8B-FD94-4AC6-AD6B-23B65EFB88C2}"
EndProject
Project("{2150E333-8FDC-42A3-9474-1A3956D46DE8}") = "MyFirstProgram", "MyFirstProgram", "{1BC88FB8-1C44-0E0C-9D87-986B4E8C8CCD}"
EndProject
Project("{FAE04EC0-301F-11D3-BF4B-00C04F79EFBC}") = "MyFirstProgramLab2", "MyFirstProgram\MyFirstProgramLab2\MyFirstProgramLab2.csproj", "{31DD575B-B787-4BC6-9CDC-95B4FA3E2DA6}"
EndProject
Project("{2150E333-8FDC-42A3-9474-1A3956D46DE8}") = "MySecondProgram", "MySecondProgram", "{192EC1FE-3B3A-062F-90D0-F70A665AAEE8}"
EndProject
Project("{FAE04EC0-301F-11D3-BF4B-00C04F79EFBC}") = "MySecondProgram", "MySecondProgram\MySecondProgram\MySecondProgram.csproj", "{B2B99316-57E4-40E7-98FD-56DC812DCCD8}"
EndProject
Project("{FAE04EC0-301F-11D3-BF4B-00C04F79EFBC}") = "MySecondProject", "MySecondProject\MySecondProject.csproj", "{678DD6BD-3835-4418-A7BD-3822C9747FC5}"
EndProject
Global
	GlobalSection(SolutionConfigurationPlatforms) = preSolution
		Debug|Any CPU = Debug|Any CPU
		Debug|x64 = Debug|x64
		Debug|x86 = Debug|x86
		Release|Any CPU = Release|Any CPU
		Release|x64 = Release|x64
		Release|x86 = Release|x86
	EndGlobalSection
	GlobalSection(ProjectConfigurationPlatforms) = postSolution
		{0F24FC8B-FD94-4AC6-AD6B-23B65EFB88C2}.Debug|Any CPU.ActiveCfg = Debug|Any CPU
		{0F24FC8B-FD94-4AC6-AD6B-23B65EFB88C2}.Debug|Any CPU.Build.0 = Debug|Any CPU
		{0F24FC8B-FD94-4AC6-AD6B-23B65EFB88C2}.Debug|x64.ActiveCfg = Debug|Any CPU
		{0F24FC8B-FD94-4AC6-AD6B-23B65EFB88C2}.Debug|x64.Build.0 = Debug|Any CPU
		{0F24FC8B-FD94-4AC6-AD6B-23B65EFB88C2}.Debug|x86.ActiveCfg = Debug|Any CPU
		{0F24FC8B-FD94-4AC6-AD6B-23B65EFB88C2}.Debug|x86.Build.0 = Debug|Any CPU
		{0F24FC8B-FD94-4AC6-AD6B-23B65EFB88C2}.Release|Any CPU.ActiveCfg = Release|Any CPU
		{0F24FC8B-FD94-4AC6-AD6B-23B65EFB88C2}.Release|Any CPU.Build.0 = Release|Any CPU
		{0F24FC8B-FD94-4AC6-AD6B-23B65EFB88C2}.Release|x64.ActiveCfg = Release|Any CPU
		{0F24FC8B-FD94-4AC6-AD6B-23B65EFB88C2}.Release|x64.Build.0 = Release|Any CPU
		{0F24FC8B-FD94-4AC6-AD6B-23B65EFB88C2}.Release|x86.ActiveCfg = Release|Any CPU
		{0F24FC8B-FD94-4AC6-AD6B-23B65EFB88C2}.Release|x86.Build.0 = Release|Any CPU
		{31DD575B-B787-4BC6-9CDC-95B4FA3E2DA6}.Debug|Any CPU.ActiveCfg = Debug|Any CPU
		{31DD575B-B787-4BC6-9CDC-95B4FA3E2DA6}.Debug|Any CPU.Build.0 = Debug|Any CPU
		{31DD575B-B787-4BC6-9CDC-95B4FA3E2DA6}.Debug|x64.ActiveCfg = Debug|Any CPU
		{31DD575B-B787-4BC6-9CDC-95B4FA3E2DA6}.Debug|x64.Build.0 = Debug|Any CPU
		{31DD575B-B787-4BC6-9CDC-95B4FA3E2DA6}.Debug|x86.ActiveCfg = Debug|Any CPU
		{31DD575B-B787-4BC6-9CDC-95B4FA3E2DA6}.Debug|x86.Build.0 = Debug|Any CPU
		{31DD575B-B787-4BC6-9CDC-95B4FA3E2DA6}.Release|Any CPU.ActiveCfg = Release|Any CPU
		{31DD575B-B787-4BC6-9CDC-95B4FA3E2DA6}.Release|Any CPU.Build.0 = Release|Any CPU
		{31DD575B-B787-4BC6-9CDC-95B4FA3E2DA6}.Release|x64.ActiveCfg = Release|Any CPU
		{31DD575B-B787-4BC6-9CDC-95B4FA3E2DA6}.Release|x64.Build.0 = Release|Any CPU
		{31DD575B-B787-4BC6-9CDC-95B4FA3E2DA6}.Release|x86.ActiveCfg = Release|Any CPU
		{31DD575B-B787-4BC6-9CDC-95B4FA3E2DA6}.Release|x86.Build.0 = Release|Any CPU
		{B2B99316-57E4-40E7-98FD-56DC812DCCD8}.Debug|Any CPU.ActiveCfg = Debug|Any CPU
		{B2B99316-57E4-40E7-98FD-56DC812DCCD8}.Debug|Any CPU.Build.0 = Debug|Any CPU
		{B2B99316-57E4-40E7-98FD-56DC812DCCD8}.Debug|x64.ActiveCfg = Debug|Any CPU
		{B2B99316-57E4-40E7-98FD-56DC812DCCD8}.Debug|x64.Build.0 = Debug|Any CPU
		{B2B99316-57E4-40E7-98FD-56DC812DCCD8}.Debug|x86.ActiveCfg = Debug|Any CPU
		{B2B99316-57E4-40E7-98FD-56DC812DCCD8}.Debug|x86.Build.0 = Debug|Any CPU
		{B2B99316-57E4-40E7-98FD-56DC812DCCD8}.Release|Any CPU.ActiveCfg = Release|Any CPU
		{B2B99316-57E4-40E7-98FD-56DC812DCCD8}.Release|Any CPU.Build.0 = Release|Any CPU
		{B2B99316-57E4-40E7-98FD-56DC812DCCD8}.Release|x64.ActiveCfg = Release|Any CPU
		{B2B99316-57E4-40E7-98FD-56DC812DCCD8}.Release|x64.Build.0 = Release|Any CPU
		{B2B99316-57E4-40E7-98FD-56DC812DCCD8}.Release|x86.ActiveCfg = Release|Any CPU
		{B2B99316-57E4-40E7-98FD-56DC812DCCD8}.Release|x86.Build.0 = Release|Any CPU
		{678DD6BD-3835-4418-A7BD-3822C9747FC5}.Debug|Any CPU.ActiveCfg = Debug|Any CPU
		{678DD6BD-3835-4418-A7BD-3822C9747FC5}.Debug|Any CPU.Build.0 = Debug|Any CPU
		{678DD6BD-3835-4418-A7BD-3822C9747FC5}.Debug|x64.ActiveCfg = Debug|Any CPU
		{678DD6BD-3835-4418-A7BD-3822C9747FC5}.Debug|x64.Build.0 = Debug|Any CPU
		{678DD6BD-3835-4418-A7BD-3822C9747FC5}.Debug|x86.ActiveCfg = Debug|Any CPU
		{678DD6BD-3835-4418-A7BD-3822C9747FC5}.Debug|x86.Build.0 = Debug|Any CPU
		{678DD6BD-3835-4418-A7BD-3822C9747FC5}.Release|Any CPU.ActiveCfg = Release|Any CPU
		{678DD6BD-3835-4418-A7BD-3822C9747FC5}.Release|Any CPU.Build.0 = Release|Any CPU
		{678DD6BD-3835-4418-A7BD-3822C9747FC5}.Release|x64.ActiveCfg = Release|Any CPU
		{678DD6BD-3835-4418-A7BD-3822C9747FC5}.Release|x64.Build.0 = Release|Any CPU
		{678DD6BD-3835-4418-A7BD-3822C9747FC5}.Release|x86.ActiveCfg = Release|Any CPU
		{678DD6BD-3835-4418-A7BD-3822C9747FC5}.Release|x86.Build.0 = Release|Any CPU
	EndGlobalSection
	GlobalSection(SolutionProperties) = preSolution
		HideSolutionNode = FALSE
	EndGlobalSection
	GlobalSection(NestedProjects) = preSolution
		{31DD575B-B787-4BC6-9CDC-95B4FA3E2DA6} = {1BC88FB8-1C44-0E0C-9D87-986B4E8C8CCD}
		{B2B99316-57E4-40E7-98FD-56DC812DCCD8} = {192EC1FE-3B3A-062F-90D0-F70A665AAEE8}
	EndGlobalSection
EndGlobal
